
Microsoft Visual Studio Solution File, Format Version 12.00
# Visual Studio 15
VisualStudioVersion = 15.0.26730.16
MinimumVisualStudioVersion = 10.0.40219.1
Project("{FAE04EC0-301F-11D3-BF4B-00C04F79EFBC}") = "GS1_4Net", "GS1_4Net\GS1_4Net.csproj", "{E31D0305-C1E1-4136-8FA0-1D9F2477E925}"
EndProject
Global
	GlobalSection(SolutionConfigurationPlatforms) = preSolution
		Debug|Any CPU = Debug|Any CPU
		Release|Any CPU = Release|Any CPU
	EndGlobalSection
	GlobalSection(ProjectConfigurationPlatforms) = postSolution
		{E31D0305-C1E1-4136-8FA0-1D9F2477E925}.Debug|Any CPU.ActiveCfg = Debug|Any CPU
		{E31D0305-C1E1-4136-8FA0-1D9F2477E925}.Debug|Any CPU.Build.0 = Debug|Any CPU
		{E31D0305-C1E1-4136-8FA0-1D9F2477E925}.Release|Any CPU.ActiveCfg = Release|Any CPU
		{E31D0305-C1E1-4136-8FA0-1D9F2477E925}.Release|Any CPU.Build.0 = Release|Any CPU
	EndGlobalSection
	GlobalSection(SolutionProperties) = preSolution
		HideSolutionNode = FALSE
	EndGlobalSection
	GlobalSection(ExtensibilityGlobals) = postSolution
		SolutionGuid = {7D2B24D4-80F1-42A6-9F7A-ED5E339F537B}
	EndGlobalSection
EndGlobal
